
Microsoft Visual Studio Solution File, Format Version 12.00
# Visual Studio Version 17
VisualStudioVersion = 17.5.33424.131
MinimumVisualStudioVersion = 10.0.40219.1
Project("{FAE04EC0-301F-11D3-BF4B-00C04F79EFBC}") = "Client", "Client.csproj", "{D5F3AC1C-A808-4547-8AC9-A2C7317366CD}"
EndProject
Global
	GlobalSection(SolutionConfigurationPlatforms) = preSolution
		Debug|Any CPU = Debug|Any CPU
		Release|Any CPU = Release|Any CPU
	EndGlobalSection
	GlobalSection(ProjectConfigurationPlatforms) = postSolution
		{D5F3AC1C-A808-4547-8AC9-A2C7317366CD}.Debug|Any CPU.ActiveCfg = Debug|Any CPU
		{D5F3AC1C-A808-4547-8AC9-A2C7317366CD}.Debug|Any CPU.Build.0 = Debug|Any CPU
		{D5F3AC1C-A808-4547-8AC9-A2C7317366CD}.Release|Any CPU.ActiveCfg = Release|Any CPU
		{D5F3AC1C-A808-4547-8AC9-A2C7317366CD}.Release|Any CPU.Build.0 = Release|Any CPU
	EndGlobalSection
	GlobalSection(SolutionProperties) = preSolution
		HideSolutionNode = FALSE
	EndGlobalSection
	GlobalSection(ExtensibilityGlobals) = postSolution
		SolutionGuid = {6523143F-B12A-48C0-A7F6-FE8A6E712404}
	EndGlobalSection
EndGlobal
